
Microsoft Visual Studio Solution File, Format Version 12.00
# Visual Studio Version 17
VisualStudioVersion = 17.3.32825.248
MinimumVisualStudioVersion = 10.0.40219.1
Project("{FAE04EC0-301F-11D3-BF4B-00C04F79EFBC}") = "CurrencyConverter_Static", "CurrencyConverter_Static\CurrencyConverter_Static.csproj", "{AC0A2463-6746-48E3-B1B8-40CB588575E7}"
EndProject
Global
	GlobalSection(SolutionConfigurationPlatforms) = preSolution
		Debug|Any CPU = Debug|Any CPU
		Release|Any CPU = Release|Any CPU
	EndGlobalSection
	GlobalSection(ProjectConfigurationPlatforms) = postSolution
		{AC0A2463-6746-48E3-B1B8-40CB588575E7}.Debug|Any CPU.ActiveCfg = Debug|Any CPU
		{AC0A2463-6746-48E3-B1B8-40CB588575E7}.Debug|Any CPU.Build.0 = Debug|Any CPU
		{AC0A2463-6746-48E3-B1B8-40CB588575E7}.Release|Any CPU.ActiveCfg = Release|Any CPU
		{AC0A2463-6746-48E3-B1B8-40CB588575E7}.Release|Any CPU.Build.0 = Release|Any CPU
	EndGlobalSection
	GlobalSection(SolutionProperties) = preSolution
		HideSolutionNode = FALSE
	EndGlobalSection
	GlobalSection(ExtensibilityGlobals) = postSolution
		SolutionGuid = {C973C98E-04F1-45F7-A22F-634CD8C039A8}
	EndGlobalSection
EndGlobal
